
Microsoft Visual Studio Solution File, Format Version 12.00
# Visual Studio Version 17
VisualStudioVersion = 17.7.34202.233
MinimumVisualStudioVersion = 10.0.40219.1
Project("{FAE04EC0-301F-11D3-BF4B-00C04F79EFBC}") = "Projet_PharmaService", "Projet_PharmaService.csproj", "{2E965F47-9B16-4DEF-A5B4-FAEC558BDE69}"
EndProject
Global
	GlobalSection(SolutionConfigurationPlatforms) = preSolution
		Debug|Any CPU = Debug|Any CPU
		Release|Any CPU = Release|Any CPU
	EndGlobalSection
	GlobalSection(ProjectConfigurationPlatforms) = postSolution
		{2E965F47-9B16-4DEF-A5B4-FAEC558BDE69}.Debug|Any CPU.ActiveCfg = Debug|Any CPU
		{2E965F47-9B16-4DEF-A5B4-FAEC558BDE69}.Debug|Any CPU.Build.0 = Debug|Any CPU
		{2E965F47-9B16-4DEF-A5B4-FAEC558BDE69}.Release|Any CPU.ActiveCfg = Release|Any CPU
		{2E965F47-9B16-4DEF-A5B4-FAEC558BDE69}.Release|Any CPU.Build.0 = Release|Any CPU
	EndGlobalSection
	GlobalSection(SolutionProperties) = preSolution
		HideSolutionNode = FALSE
	EndGlobalSection
	GlobalSection(ExtensibilityGlobals) = postSolution
		SolutionGuid = {E1D3EED8-561C-4672-8ACD-C298D303C9CD}
	EndGlobalSection
EndGlobal
